
Microsoft Visual Studio Solution File, Format Version 12.00
# Visual Studio Version 17
VisualStudioVersion = 17.11.35208.52
MinimumVisualStudioVersion = 10.0.40219.1
Project("{9A19103F-16F7-4668-BE54-9A1E7A4F7556}") = "DemoBookStore.Models", "..\DemoBookStore.Models\DemoBookStore.Models.csproj", "{93C67130-C2C2-487F-915C-223A70E1D00D}"
EndProject
Project("{9A19103F-16F7-4668-BE54-9A1E7A4F7556}") = "DemoBookStore.Authors", "..\DemoBookStore.Authors\DemoBookStore.Authors.csproj", "{60D905E3-2BE9-4007-BA21-EA96E9178BF0}"
EndProject
Project("{9A19103F-16F7-4668-BE54-9A1E7A4F7556}") = "DemoBookStore.Users", "DemoBookStore.Users.csproj", "{E0846CFC-5109-4D53-8BAB-5114D06FA826}"
EndProject
Global
	GlobalSection(SolutionConfigurationPlatforms) = preSolution
		Debug|Any CPU = Debug|Any CPU
		Release|Any CPU = Release|Any CPU
	EndGlobalSection
	GlobalSection(ProjectConfigurationPlatforms) = postSolution
		{93C67130-C2C2-487F-915C-223A70E1D00D}.Debug|Any CPU.ActiveCfg = Debug|Any CPU
		{93C67130-C2C2-487F-915C-223A70E1D00D}.Debug|Any CPU.Build.0 = Debug|Any CPU
		{93C67130-C2C2-487F-915C-223A70E1D00D}.Release|Any CPU.ActiveCfg = Release|Any CPU
		{93C67130-C2C2-487F-915C-223A70E1D00D}.Release|Any CPU.Build.0 = Release|Any CPU
		{60D905E3-2BE9-4007-BA21-EA96E9178BF0}.Debug|Any CPU.ActiveCfg = Debug|Any CPU
		{60D905E3-2BE9-4007-BA21-EA96E9178BF0}.Debug|Any CPU.Build.0 = Debug|Any CPU
		{60D905E3-2BE9-4007-BA21-EA96E9178BF0}.Release|Any CPU.ActiveCfg = Release|Any CPU
		{60D905E3-2BE9-4007-BA21-EA96E9178BF0}.Release|Any CPU.Build.0 = Release|Any CPU
		{E0846CFC-5109-4D53-8BAB-5114D06FA826}.Debug|Any CPU.ActiveCfg = Debug|Any CPU
		{E0846CFC-5109-4D53-8BAB-5114D06FA826}.Debug|Any CPU.Build.0 = Debug|Any CPU
		{E0846CFC-5109-4D53-8BAB-5114D06FA826}.Release|Any CPU.ActiveCfg = Release|Any CPU
		{E0846CFC-5109-4D53-8BAB-5114D06FA826}.Release|Any CPU.Build.0 = Release|Any CPU
	EndGlobalSection
	GlobalSection(SolutionProperties) = preSolution
		HideSolutionNode = FALSE
	EndGlobalSection
	GlobalSection(ExtensibilityGlobals) = postSolution
		SolutionGuid = {3B75D71D-AFC5-4ECC-B35F-71E65B5F3F07}
	EndGlobalSection
EndGlobal
